
Microsoft Visual Studio Solution File, Format Version 12.00
# Visual Studio Version 16
VisualStudioVersion = 16.0.30907.101
MinimumVisualStudioVersion = 10.0.40219.1
Project("{FAE04EC0-301F-11D3-BF4B-00C04F79EFBC}") = "Sensor_Angular_Project", "Sensor_Angular_Project\Sensor_Angular_Project.csproj", "{263E5D03-E2A5-4557-9F22-B4109359030C}"
EndProject
Global
	GlobalSection(SolutionConfigurationPlatforms) = preSolution
		Debug|Any CPU = Debug|Any CPU
		Release|Any CPU = Release|Any CPU
	EndGlobalSection
	GlobalSection(ProjectConfigurationPlatforms) = postSolution
		{263E5D03-E2A5-4557-9F22-B4109359030C}.Debug|Any CPU.ActiveCfg = Debug|Any CPU
		{263E5D03-E2A5-4557-9F22-B4109359030C}.Debug|Any CPU.Build.0 = Debug|Any CPU
		{263E5D03-E2A5-4557-9F22-B4109359030C}.Release|Any CPU.ActiveCfg = Release|Any CPU
		{263E5D03-E2A5-4557-9F22-B4109359030C}.Release|Any CPU.Build.0 = Release|Any CPU
	EndGlobalSection
	GlobalSection(SolutionProperties) = preSolution
		HideSolutionNode = FALSE
	EndGlobalSection
	GlobalSection(ExtensibilityGlobals) = postSolution
		SolutionGuid = {C001408A-AD30-4D3A-B566-3C1EC4ED09A1}
	EndGlobalSection
EndGlobal
